// !$*UTF8*$!
{
	archiveVersion = 1;
	classes = {
	};
	objectVersion = 46;
	objects = {

/* Begin PBXBuildFile section */
		AE8095CE1FFDECC10021D7CB /* AppDelegate.swift in Sources */ = {isa = PBXBuildFile; fileRef = AE8095CD1FFDECC10021D7CB /* AppDelegate.swift */; };
		AE8095D01FFDECC10021D7CB /* ViewController.swift in Sources */ = {isa = PBXBuildFile; fileRef = AE8095CF1FFDECC10021D7CB /* ViewController.swift */; };
		AE8095D31FFDECC10021D7CB /* Main.storyboard in Resources */ = {isa = PBXBuildFile; fileRef = AE8095D11FFDECC10021D7CB /* Main.storyboard */; };
		AE8095D51FFDECC10021D7CB /* Assets.xcassets in Resources */ = {isa = PBXBuildFile; fileRef = AE8095D41FFDECC10021D7CB /* Assets.xcassets */; };
		AE8095D81FFDECC10021D7CB /* LaunchScreen.storyboard in Resources */ = {isa = PBXBuildFile; fileRef = AE8095D61FFDECC10021D7CB /* LaunchScreen.storyboard */; };
		AE8095E31FFDECC20021D7CB /* AFGetRequestTests.swift in Sources */ = {isa = PBXBuildFile; fileRef = AE8095E21FFDECC20021D7CB /* AFGetRequestTests.swift */; };
		AE8095EE1FFDECC20021D7CB /* AFGetRequestUITests.swift in Sources */ = {isa = PBXBuildFile; fileRef = AE8095ED1FFDECC20021D7CB /* AFGetRequestUITests.swift */; };
		B7B924220FA9B8A3A7F01C57 /* Pods_AFGetRequest.framework in Frameworks */ = {isa = PBXBuildFile; fileRef = CC710BE3A9D08EEF234A33AE /* Pods_AFGetRequest.framework */; };
/* End PBXBuildFile section */

/* Begin PBXContainerItemProxy section */
		AE8095DF1FFDECC20021D7CB /* PBXContainerItemProxy */ = {
			isa = PBXContainerItemProxy;
			containerPortal = AE8095C21FFDECC10021D7CB /* Project object */;
			proxyType = 1;
			remoteGlobalIDString = AE8095C91FFDECC10021D7CB;
			remoteInfo = AFGetRequest;
		};
		AE8095EA1FFDECC20021D7CB /* PBXContainerItemProxy */ = {
			isa = PBXContainerItemProxy;
			containerPortal = AE8095C21FFDECC10021D7CB /* Project object */;
			proxyType = 1;
			remoteGlobalIDString = AE8095C91FFDECC10021D7CB;
			remoteInfo = AFGetRequest;
		};
/* End PBXContainerItemProxy section */

/* Begin PBXFileReference section */
		0B61B9615E8EBE729713F9CE /* Pods-AFGetRequest.release.xcconfig */ = {isa = PBXFileReference; includeInIndex = 1; lastKnownFileType = text.xcconfig; name = "Pods-AFGetRequest.release.xcconfig"; path = "Pods/Target Support Files/Pods-AFGetRequest/Pods-AFGetRequest.release.xcconfig"; sourceTree = "<group>"; };
		5DF68307EAF55C3923CB85B9 /* Pods-AFGetRequest.debug.xcconfig */ = {isa = PBXFileReference; includeInIndex = 1; lastKnownFileType = text.xcconfig; name = "Pods-AFGetRequest.debug.xcconfig"; path = "Pods/Target Support Files/Pods-AFGetRequest/Pods-AFGetRequest.debug.xcconfig"; sourceTree = "<group>"; };
		AE8095CA1FFDECC10021D7CB /* AFGetRequest.app */ = {isa = PBXFileReference; explicitFileType = wrapper.application; includeInIndex = 0; path = AFGetRequest.app; sourceTree = BUILT_PRODUCTS_DIR; };
		AE8095CD1FFDECC10021D7CB /* AppDelegate.swift */ = {isa = PBXFileReference; lastKnownFileType = sourcecode.swift; path = AppDelegate.swift; sourceTree = "<group>"; };
		AE8095CF1FFDECC10021D7CB /* ViewController.swift */ = {isa = PBXFileReference; lastKnownFileType = sourcecode.swift; path = ViewController.swift; sourceTree = "<group>"; };
		AE8095D21FFDECC10021D7CB /* Base */ = {isa = PBXFileReference; lastKnownFileType = file.storyboard; name = Base; path = Base.lproj/Main.storyboard; sourceTree = "<group>"; };
		AE8095D41FFDECC10021D7CB /* Assets.xcassets */ = {isa = PBXFileReference; lastKnownFileType = folder.assetcatalog; path = Assets.xcassets; sourceTree = "<group>"; };
		AE8095D71FFDECC10021D7CB /* Base */ = {isa = PBXFileReference; lastKnownFileType = file.storyboard; name = Base; path = Base.lproj/LaunchScreen.storyboard; sourceTree = "<group>"; };
		AE8095D91FFDECC10021D7CB /* Info.plist */ = {isa = PBXFileReference; lastKnownFileType = text.plist.xml; path = Info.plist; sourceTree = "<group>"; };
		AE8095DE1FFDECC20021D7CB /* AFGetRequestTests.xctest */ = {isa = PBXFileReference; explicitFileType = wrapper.cfbundle; includeInIndex = 0; path = AFGetRequestTests.xctest; sourceTree = BUILT_PRODUCTS_DIR; };
		AE8095E21FFDECC20021D7CB /* AFGetRequestTests.swift */ = {isa = PBXFileReference; lastKnownFileType = sourcecode.swift; path = AFGetRequestTests.swift; sourceTree = "<group>"; };
		AE8095E41FFDECC20021D7CB /* Info.plist */ = {isa = PBXFileReference; lastKnownFileType = text.plist.xml; path = Info.plist; sourceTree = "<group>"; };
		AE8095E91FFDECC20021D7CB /* AFGetRequestUITests.xctest */ = {isa = PBXFileReference; explicitFileType = wrapper.cfbundle; includeInIndex = 0; path = AFGetRequestUITests.xctest; sourceTree = BUILT_PRODUCTS_DIR; };
		AE8095ED1FFDECC20021D7CB /* AFGetRequestUITests.swift */ = {isa = PBXFileReference; lastKnownFileType = sourcecode.swift; path = AFGetRequestUITests.swift; sourceTree = "<group>"; };
		AE8095EF1FFDECC20021D7CB /* Info.plist */ = {isa = PBXFileReference; lastKnownFileType = text.plist.xml; path = Info.plist; sourceTree = "<group>"; };
		CC710BE3A9D08EEF234A33AE /* Pods_AFGetRequest.framework */ = {isa = PBXFileReference; explicitFileType = wrapper.framework; includeInIndex = 0; path = Pods_AFGetRequest.framework; sourceTree = BUILT_PRODUCTS_DIR; };
/* End PBXFileReference section */

/* Begin PBXFrameworksBuildPhase section */
		AE8095C71FFDECC10021D7CB /* Frameworks */ = {
			isa = PBXFrameworksBuildPhase;
			buildActionMask = 2147483647;
			files = (
				B7B924220FA9B8A3A7F01C57 /* Pods_AFGetRequest.framework in Frameworks */,
			);
			runOnlyForDeploymentPostprocessing = 0;
		};
		AE8095DB1FFDECC20021D7CB /* Frameworks */ = {
			isa = PBXFrameworksBuildPhase;
			buildActionMask = 2147483647;
			files = (
			);
			runOnlyForDeploymentPostprocessing = 0;
		};
		AE8095E61FFDECC20021D7CB /* Frameworks */ = {
			isa = PBXFrameworksBuildPhase;
			buildActionMask = 2147483647;
			files = (
			);
			runOnlyForDeploymentPostprocessing = 0;
		};
/* End PBXFrameworksBuildPhase section */

/* Begin PBXGroup section */
		AE8095C11FFDECC10021D7CB = {
			isa = PBXGroup;
			children = (
				AE8095CC1FFDECC10021D7CB /* AFGetRequest */,
				AE8095E11FFDECC20021D7CB /* AFGetRequestTests */,
				AE8095EC1FFDECC20021D7CB /* AFGetRequestUITests */,
				AE8095CB1FFDECC10021D7CB /* Products */,
				DEAE9912FB1F92B4164A378D /* Pods */,
				DCD93EF10510372BE158534C /* Frameworks */,
			);
			sourceTree = "<group>";
		};
		AE8095CB1FFDECC10021D7CB /* Products */ = {
			isa = PBXGroup;
			children = (
				AE8095CA1FFDECC10021D7CB /* AFGetRequest.app */,
				AE8095DE1FFDECC20021D7CB /* AFGetRequestTests.xctest */,
				AE8095E91FFDECC20021D7CB /* AFGetRequestUITests.xctest */,
			);
			name = Products;
			sourceTree = "<group>";
		};
		AE8095CC1FFDECC10021D7CB /* AFGetRequest */ = {
			isa = PBXGroup;
			children = (
				AE8095CD1FFDECC10021D7CB /* AppDelegate.swift */,
				AE8095CF1FFDECC10021D7CB /* ViewController.swift */,
				AE8095D11FFDECC10021D7CB /* Main.storyboard */,
				AE8095D41FFDECC10021D7CB /* Assets.xcassets */,
				AE8095D61FFDECC10021D7CB /* LaunchScreen.storyboard */,
				AE8095D91FFDECC10021D7CB /* Info.plist */,
			);
			path = AFGetRequest;
			sourceTree = "<group>";
		};
		AE8095E11FFDECC20021D7CB /* AFGetRequestTests */ = {
			isa = PBXGroup;
			children = (
				AE8095E21FFDECC20021D7CB /* AFGetRequestTests.swift */,
				AE8095E41FFDECC20021D7CB /* Info.plist */,
			);
			path = AFGetRequestTests;
			sourceTree = "<group>";
		};
		AE8095EC1FFDECC20021D7CB /* AFGetRequestUITests */ = {
			isa = PBXGroup;
			children = (
				AE8095ED1FFDECC20021D7CB /* AFGetRequestUITests.swift */,
				AE8095EF1FFDECC20021D7CB /* Info.plist */,
			);
			path = AFGetRequestUITests;
			sourceTree = "<group>";
		};
		DCD93EF10510372BE158534C /* Frameworks */ = {
			isa = PBXGroup;
			children = (
				CC710BE3A9D08EEF234A33AE /* Pods_AFGetRequest.framework */,
			);
			name = Frameworks;
			sourceTree = "<group>";
		};
		DEAE9912FB1F92B4164A378D /* Pods */ = {
			isa = PBXGroup;
			children = (
				5DF68307EAF55C3923CB85B9 /* Pods-AFGetRequest.debug.xcconfig */,
				0B61B9615E8EBE729713F9CE /* Pods-AFGetRequest.release.xcconfig */,
			);
			name = Pods;
			sourceTree = "<group>";
		};
/* End PBXGroup section */

/* Begin PBXNativeTarget section */
		AE8095C91FFDECC10021D7CB /* AFGetRequest */ = {
			isa = PBXNativeTarget;
			buildConfigurationList = AE8095F21FFDECC20021D7CB /* Build configuration list for PBXNativeTarget "AFGetRequest" */;
			buildPhases = (
				CC833C287C93E4712E1364A3 /* [CP] Check Pods Manifest.lock */,
				AE8095C61FFDECC10021D7CB /* Sources */,
				AE8095C71FFDECC10021D7CB /* Frameworks */,
				AE8095C81FFDECC10021D7CB /* Resources */,
				2E65F155AE14E9AD527ECF8D /* [CP] Embed Pods Frameworks */,
				404E987BE5C1F3206CBAFB0D /* [CP] Copy Pods Resources */,
			);
			buildRules = (
			);
			dependencies = (
			);
			name = AFGetRequest;
			productName = AFGetRequest;
			productReference = AE8095CA1FFDECC10021D7CB /* AFGetRequest.app */;
			productType = "com.apple.product-type.application";
		};
		AE8095DD1FFDECC20021D7CB /* AFGetRequestTests */ = {
			isa = PBXNativeTarget;
			buildConfigurationList = AE8095F51FFDECC20021D7CB /* Build configuration list for PBXNativeTarget "AFGetRequestTests" */;
			buildPhases = (
				AE8095DA1FFDECC20021D7CB /* Sources */,
				AE8095DB1FFDECC20021D7CB /* Frameworks */,
				AE8095DC1FFDECC20021D7CB /* Resources */,
			);
			buildRules = (
			);
			dependencies = (
				AE8095E01FFDECC20021D7CB /* PBXTargetDependency */,
			);
			name = AFGetRequestTests;
			productName = AFGetRequestTests;
			productReference = AE8095DE1FFDECC20021D7CB /* AFGetRequestTests.xctest */;
			productType = "com.apple.product-type.bundle.unit-test";
		};
		AE8095E81FFDECC20021D7CB /* AFGetRequestUITests */ = {
			isa = PBXNativeTarget;
			buildConfigurationList = AE8095F81FFDECC20021D7CB /* Build configuration list for PBXNativeTarget "AFGetRequestUITests" */;
			buildPhases = (
				AE8095E51FFDECC20021D7CB /* Sources */,
				AE8095E61FFDECC20021D7CB /* Frameworks */,
				AE8095E71FFDECC20021D7CB /* Resources */,
			);
			buildRules = (
			);
			dependencies = (
				AE8095EB1FFDECC20021D7CB /* PBXTargetDependency */,
			);
			name = AFGetRequestUITests;
			productName = AFGetRequestUITests;
			productReference = AE8095E91FFDECC20021D7CB /* AFGetRequestUITests.xctest */;
			productType = "com.apple.product-type.bundle.ui-testing";
		};
/* End PBXNativeTarget section */

/* Begin PBXProject section */
		AE8095C21FFDECC10021D7CB /* Project object */ = {
			isa = PBXProject;
			attributes = {
				LastSwiftUpdateCheck = 0830;
				LastUpgradeCheck = 0830;
				ORGANIZATIONNAME = "Manoj Kulkarni";
				TargetAttributes = {
					AE8095C91FFDECC10021D7CB = {
						CreatedOnToolsVersion = 8.3.3;
						DevelopmentTeam = FZ5NFCMB53;
						ProvisioningStyle = Automatic;
					};
					AE8095DD1FFDECC20021D7CB = {
						CreatedOnToolsVersion = 8.3.3;
						DevelopmentTeam = FZ5NFCMB53;
						ProvisioningStyle = Automatic;
						TestTargetID = AE8095C91FFDECC10021D7CB;
					};
					AE8095E81FFDECC20021D7CB = {
						CreatedOnToolsVersion = 8.3.3;
						DevelopmentTeam = FZ5NFCMB53;
						ProvisioningStyle = Automatic;
						TestTargetID = AE8095C91FFDECC10021D7CB;
					};
				};
			};
			buildConfigurationList = AE8095C51FFDECC10021D7CB /* Build configuration list for PBXProject "AFGetRequest" */;
			compatibilityVersion = "Xcode 3.2";
			developmentRegion = English;
			hasScannedForEncodings = 0;
			knownRegions = (
				en,
				Base,
			);
			mainGroup = AE8095C11FFDECC10021D7CB;
			productRefGroup = AE8095CB1FFDECC10021D7CB /* Products */;
			projectDirPath = "";
			projectRoot = "";
			targets = (
				AE8095C91FFDECC10021D7CB /* AFGetRequest */,
				AE8095DD1FFDECC20021D7CB /* AFGetRequestTests */,
				AE8095E81FFDECC20021D7CB /* AFGetRequestUITests */,
			);
		};
/* End PBXProject section */

/* Begin PBXResourcesBuildPhase section */
		AE8095C81FFDECC10021D7CB /* Resources */ = {
			isa = PBXResourcesBuildPhase;
			buildActionMask = 2147483647;
			files = (
				AE8095D81FFDECC10021D7CB /* LaunchScreen.storyboard in Resources */,
				AE8095D51FFDECC10021D7CB /* Assets.xcassets in Resources */,
				AE8095D31FFDECC10021D7CB /* Main.storyboard in Resources */,
			);
			runOnlyForDeploymentPostprocessing = 0;
		};
		AE8095DC1FFDECC20021D7CB /* Resources */ = {
			isa = PBXResourcesBuildPhase;
			buildActionMask = 2147483647;
			files = (
			);
			runOnlyForDeploymentPostprocessing = 0;
		};
		AE8095E71FFDECC20021D7CB /* Resources */ = {
			isa = PBXResourcesBuildPhase;
			buildActionMask = 2147483647;
			files = (
			);
			runOnlyForDeploymentPostprocessing = 0;
		};
/* End PBXResourcesBuildPhase section */

/* Begin PBXShellScriptBuildPhase section */
		2E65F155AE14E9AD527ECF8D /* [CP] Embed Pods Frameworks */ = {
			isa = PBXShellScriptBuildPhase;
			buildActionMask = 2147483647;
			files = (
			);
			inputPaths = (
				"${SRCROOT}/Pods/Target Support Files/Pods-AFGetRequest/Pods-AFGetRequest-frameworks.sh",
				"${BUILT_PRODUCTS_DIR}/Alamofire/Alamofire.framework",
			);
			name = "[CP] Embed Pods Frameworks";
			outputPaths = (
				"${TARGET_BUILD_DIR}/${FRAMEWORKS_FOLDER_PATH}/Alamofire.framework",
			);
			runOnlyForDeploymentPostprocessing = 0;
			shellPath = /bin/sh;
			shellScript = "\"${SRCROOT}/Pods/Target Support Files/Pods-AFGetRequest/Pods-AFGetRequest-frameworks.sh\"\n";
			showEnvVarsInLog = 0;
		};
		404E987BE5C1F3206CBAFB0D /* [CP] Copy Pods Resources */ = {
			isa = PBXShellScriptBuildPhase;
			buildActionMask = 2147483647;
			files = (
			);
			inputPaths = (
			);
			name = "[CP] Copy Pods Resources";
			outputPaths = (
			);
			runOnlyForDeploymentPostprocessing = 0;
			shellPath = /bin/sh;
			shellScript = "\"${SRCROOT}/Pods/Target Support Files/Pods-AFGetRequest/Pods-AFGetRequest-resources.sh\"\n";
			showEnvVarsInLog = 0;
		};
		CC833C287C93E4712E1364A3 /* [CP] Check Pods Manifest.lock */ = {
			isa = PBXShellScriptBuildPhase;
			buildActionMask = 2147483647;
			files = (
			);
			inputPaths = (
				"${PODS_PODFILE_DIR_PATH}/Podfile.lock",
				"${PODS_ROOT}/Manifest.lock",
			);
			name = "[CP] Check Pods Manifest.lock";
			outputPaths = (
				"$(DERIVED_FILE_DIR)/Pods-AFGetRequest-checkManifestLockResult.txt",
			);
			runOnlyForDeploymentPostprocessing = 0;
			shellPath = /bin/sh;
			shellScript = "diff \"${PODS_PODFILE_DIR_PATH}/Podfile.lock\" \"${PODS_ROOT}/Manifest.lock\" > /dev/null\nif [ $? != 0 ] ; then\n    # print error to STDERR\n    echo \"error: The sandbox is not in sync with the Podfile.lock. Run 'pod install' or update your CocoaPods installation.\" >&2\n    exit 1\nfi\n# This output is used by Xcode 'outputs' to avoid re-running this script phase.\necho \"SUCCESS\" > \"${SCRIPT_OUTPUT_FILE_0}\"\n";
			showEnvVarsInLog = 0;
		};
/* End PBXShellScriptBuildPhase section */

/* Begin PBXSourcesBuildPhase section */
		AE8095C61FFDECC10021D7CB /* Sources */ = {
			isa = PBXSourcesBuildPhase;
			buildActionMask = 2147483647;
			files = (
				AE8095D01FFDECC10021D7CB /* ViewController.swift in Sources */,
				AE8095CE1FFDECC10021D7CB /* AppDelegate.swift in Sources */,
			);
			runOnlyForDeploymentPostprocessing = 0;
		};
		AE8095DA1FFDECC20021D7CB /* Sources */ = {
			isa = PBXSourcesBuildPhase;
			buildActionMask = 2147483647;
			files = (
				AE8095E31FFDECC20021D7CB /* AFGetRequestTests.swift in Sources */,
			);
			runOnlyForDeploymentPostprocessing = 0;
		};
		AE8095E51FFDECC20021D7CB /* Sources */ = {
			isa = PBXSourcesBuildPhase;
			buildActionMask = 2147483647;
			files = (
				AE8095EE1FFDECC20021D7CB /* AFGetRequestUITests.swift in Sources */,
			);
			runOnlyForDeploymentPostprocessing = 0;
		};
/* End PBXSourcesBuildPhase section */

/* Begin PBXTargetDependency section */
		AE8095E01FFDECC20021D7CB /* PBXTargetDependency */ = {
			isa = PBXTargetDependency;
			target = AE8095C91FFDECC10021D7CB /* AFGetRequest */;
			targetProxy = AE8095DF1FFDECC20021D7CB /* PBXContainerItemProxy */;
		};
		AE8095EB1FFDECC20021D7CB /* PBXTargetDependency */ = {
			isa = PBXTargetDependency;
			target = AE8095C91FFDECC10021D7CB /* AFGetRequest */;
			targetProxy = AE8095EA1FFDECC20021D7CB /* PBXContainerItemProxy */;
		};
/* End PBXTargetDependency section */

/* Begin PBXVariantGroup section */
		AE8095D11FFDECC10021D7CB /* Main.storyboard */ = {
			isa = PBXVariantGroup;
			children = (
				AE8095D21FFDECC10021D7CB /* Base */,
			);
			name = Main.storyboard;
			sourceTree = "<group>";
		};
		AE8095D61FFDECC10021D7CB /* LaunchScreen.storyboard */ = {
			isa = PBXVariantGroup;
			children = (
				AE8095D71FFDECC10021D7CB /* Base */,
			);
			name = LaunchScreen.storyboard;
			sourceTree = "<group>";
		};
/* End PBXVariantGroup section */

/* Begin XCBuildConfiguration section */
		AE8095F01FFDECC20021D7CB /* Debug */ = {
			isa = XCBuildConfiguration;
			buildSettings = {
				ALWAYS_SEARCH_USER_PATHS = NO;
				CLANG_ANALYZER_NONNULL = YES;
				CLANG_ANALYZER_NUMBER_OBJECT_CONVERSION = YES_AGGRESSIVE;
				CLANG_CXX_LANGUAGE_STANDARD = "gnu++0x";
				CLANG_CXX_LIBRARY = "libc++";
				CLANG_ENABLE_MODULES = YES;
				CLANG_ENABLE_OBJC_ARC = YES;
				CLANG_WARN_BOOL_CONVERSION = YES;
				CLANG_WARN_CONSTANT_CONVERSION = YES;
				CLANG_WARN_DIRECT_OBJC_ISA_USAGE = YES_ERROR;
				CLANG_WARN_DOCUMENTATION_COMMENTS = YES;
				CLANG_WARN_EMPTY_BODY = YES;
				CLANG_WARN_ENUM_CONVERSION = YES;
				CLANG_WARN_INFINITE_RECURSION = YES;
				CLANG_WARN_INT_CONVERSION = YES;
				CLANG_WARN_OBJC_ROOT_CLASS = YES_ERROR;
				CLANG_WARN_SUSPICIOUS_MOVE = YES;
				CLANG_WARN_UNREACHABLE_CODE = YES;
				CLANG_WARN__DUPLICATE_METHOD_MATCH = YES;
				"CODE_SIGN_IDENTITY[sdk=iphoneos*]" = "iPhone Developer";
				COPY_PHASE_STRIP = NO;
				DEBUG_INFORMATION_FORMAT = dwarf;
				ENABLE_STRICT_OBJC_MSGSEND = YES;
				ENABLE_TESTABILITY = YES;
				GCC_C_LANGUAGE_STANDARD = gnu99;
				GCC_DYNAMIC_NO_PIC = NO;
				GCC_NO_COMMON_BLOCKS = YES;
				GCC_OPTIMIZATION_LEVEL = 0;
				GCC_PREPROCESSOR_DEFINITIONS = (
					"DEBUG=1",
					"$(inherited)",
				);
				GCC_WARN_64_TO_32_BIT_CONVERSION = YES;
				GCC_WARN_ABOUT_RETURN_TYPE = YES_ERROR;
				GCC_WARN_UNDECLARED_SELECTOR = YES;
				GCC_WARN_UNINITIALIZED_AUTOS = YES_AGGRESSIVE;
				GCC_WARN_UNUSED_FUNCTION = YES;
				GCC_WARN_UNUSED_VARIABLE = YES;
				IPHONEOS_DEPLOYMENT_TARGET = 10.3;
				MTL_ENABLE_DEBUG_INFO = YES;
				ONLY_ACTIVE_ARCH = YES;
				SDKROOT = iphoneos;
				SWIFT_ACTIVE_COMPILATION_CONDITIONS = DEBUG;
				SWIFT_OPTIMIZATION_LEVEL = "-Onone";
				TARGETED_DEVICE_FAMILY = "1,2";
			};
			name = Debug;
		};
		AE8095F11FFDECC20021D7CB /* Release */ = {
			isa = XCBuildConfiguration;
			buildSettings = {
				ALWAYS_SEARCH_USER_PATHS = NO;
				CLANG_ANALYZER_NONNULL = YES;
				CLANG_ANALYZER_NUMBER_OBJECT_CONVERSION = YES_AGGRESSIVE;
				CLANG_CXX_LANGUAGE_STANDARD = "gnu++0x";
				CLANG_CXX_LIBRARY = "libc++";
				CLANG_ENABLE_MODULES = YES;
				CLANG_ENABLE_OBJC_ARC = YES;
				CLANG_WARN_BOOL_CONVERSION = YES;
				CLANG_WARN_CONSTANT_CONVERSION = YES;
				CLANG_WARN_DIRECT_OBJC_ISA_USAGE = YES_ERROR;
				CLANG_WARN_DOCUMENTATION_COMMENTS = YES;
				CLANG_WARN_EMPTY_BODY = YES;
				CLANG_WARN_ENUM_CONVERSION = YES;
				CLANG_WARN_INFINITE_RECURSION = YES;
				CLANG_WARN_INT_CONVERSION = YES;
				CLANG_WARN_OBJC_ROOT_CLASS = YES_ERROR;
				CLANG_WARN_SUSPICIOUS_MOVE = YES;
				CLANG_WARN_UNREACHABLE_CODE = YES;
				CLANG_WARN__DUPLICATE_METHOD_MATCH = YES;
				"CODE_SIGN_IDENTITY[sdk=iphoneos*]" = "iPhone Developer";
				COPY_PHASE_STRIP = NO;
				DEBUG_INFORMATION_FORMAT = "dwarf-with-dsym";
				ENABLE_NS_ASSERTIONS = NO;
				ENABLE_STRICT_OBJC_MSGSEND = YES;
				GCC_C_LANGUAGE_STANDARD = gnu99;
				GCC_NO_COMMON_BLOCKS = YES;
				GCC_WARN_64_TO_32_BIT_CONVERSION = YES;
				GCC_WARN_ABOUT_RETURN_TYPE = YES_ERROR;
				GCC_WARN_UNDECLARED_SELECTOR = YES;
				GCC_WARN_UNINITIALIZED_AUTOS = YES_AGGRESSIVE;
				GCC_WARN_UNUSED_FUNCTION = YES;
				GCC_WARN_UNUSED_VARIABLE = YES;
				IPHONEOS_DEPLOYMENT_TARGET = 10.3;
				MTL_ENABLE_DEBUG_INFO = NO;
				SDKROOT = iphoneos;
				SWIFT_OPTIMIZATION_LEVEL = "-Owholemodule";
				TARGETED_DEVICE_FAMILY = "1,2";
				VALIDATE_PRODUCT = YES;
			};
			name = Release;
		};
		AE8095F31FFDECC20021D7CB /* Debug */ = {
			isa = XCBuildConfiguration;
			baseConfigurationReference = 5DF68307EAF55C3923CB85B9 /* Pods-AFGetRequest.debug.xcconfig */;
			buildSettings = {
				ASSETCATALOG_COMPILER_APPICON_NAME = AppIcon;
				DEVELOPMENT_TEAM = FZ5NFCMB53;
				INFOPLIST_FILE = AFGetRequest/Info.plist;
				LD_RUNPATH_SEARCH_PATHS = "$(inherited) @executable_path/Frameworks";
				PRODUCT_BUNDLE_IDENTIFIER = com.mnjpk.AFGetRequest;
				PRODUCT_NAME = "$(TARGET_NAME)";
				SWIFT_VERSION = 3.0;
			};
			name = Debug;
		};
		AE8095F41FFDECC20021D7CB /* Release */ = {
			isa = XCBuildConfiguration;
			baseConfigurationReference = 0B61B9615E8EBE729713F9CE /* Pods-AFGetRequest.release.xcconfig */;
			buildSettings = {
				ASSETCATALOG_COMPILER_APPICON_NAME = AppIcon;
				DEVELOPMENT_TEAM = FZ5NFCMB53;
				INFOPLIST_FILE = AFGetRequest/Info.plist;
				LD_RUNPATH_SEARCH_PATHS = "$(inherited) @executable_path/Frameworks";
				PRODUCT_BUNDLE_IDENTIFIER = com.mnjpk.AFGetRequest;
				PRODUCT_NAME = "$(TARGET_NAME)";
				SWIFT_VERSION = 3.0;
			};
			name = Release;
		};
		AE8095F61FFDECC20021D7CB /* Debug */ = {
			isa = XCBuildConfiguration;
			buildSettings = {
				ALWAYS_EMBED_SWIFT_STANDARD_LIBRARIES = YES;
				BUNDLE_LOADER = "$(TEST_HOST)";
				DEVELOPMENT_TEAM = FZ5NFCMB53;
				INFOPLIST_FILE = AFGetRequestTests/Info.plist;
				LD_RUNPATH_SEARCH_PATHS = "$(inherited) @executable_path/Frameworks @loader_path/Frameworks";
				PRODUCT_BUNDLE_IDENTIFIER = com.mnjpk.AFGetRequestTests;
				PRODUCT_NAME = "$(TARGET_NAME)";
				SWIFT_VERSION = 3.0;
				TEST_HOST = "$(BUILT_PRODUCTS_DIR)/AFGetRequest.app/AFGetRequest";
			};
			name = Debug;
		};
		AE8095F71FFDECC20021D7CB /* Release */ = {
			isa = XCBuildConfiguration;
			buildSettings = {
				ALWAYS_EMBED_SWIFT_STANDARD_LIBRARIES = YES;
				BUNDLE_LOADER = "$(TEST_HOST)";
				DEVELOPMENT_TEAM = FZ5NFCMB53;
				INFOPLIST_FILE = AFGetRequestTests/Info.plist;
				LD_RUNPATH_SEARCH_PATHS = "$(inherited) @executable_path/Frameworks @loader_path/Frameworks";
				PRODUCT_BUNDLE_IDENTIFIER = com.mnjpk.AFGetRequestTests;
				PRODUCT_NAME = "$(TARGET_NAME)";
				SWIFT_VERSION = 3.0;
				TEST_HOST = "$(BUILT_PRODUCTS_DIR)/AFGetRequest.app/AFGetRequest";
			};
			name = Release;
		};
		AE8095F91FFDECC20021D7CB /* Debug */ = {
			isa = XCBuildConfiguration;
			buildSettings = {
				ALWAYS_EMBED_SWIFT_STANDARD_LIBRARIES = YES;
				DEVELOPMENT_TEAM = FZ5NFCMB53;
				INFOPLIST_FILE = AFGetRequestUITests/Info.plist;
				LD_RUNPATH_SEARCH_PATHS = "$(inherited) @executable_path/Frameworks @loader_path/Frameworks";
				PRODUCT_BUNDLE_IDENTIFIER = com.mnjpk.AFGetRequestUITests;
				PRODUCT_NAME = "$(TARGET_NAME)";
				SWIFT_VERSION = 3.0;
				TEST_TARGET_NAME = AFGetRequest;
			};
			name = Debug;
		};
		AE8095FA1FFDECC20021D7CB /* Release */ = {
			isa = XCBuildConfiguration;
			buildSettings = {
				ALWAYS_EMBED_SWIFT_STANDARD_LIBRARIES = YES;
				DEVELOPMENT_TEAM = FZ5NFCMB53;
				INFOPLIST_FILE = AFGetRequestUITests/Info.plist;
				LD_RUNPATH_SEARCH_PATHS = "$(inherited) @executable_path/Frameworks @loader_path/Frameworks";
				PRODUCT_BUNDLE_IDENTIFIER = com.mnjpk.AFGetRequestUITests;
				PRODUCT_NAME = "$(TARGET_NAME)";
				SWIFT_VERSION = 3.0;
				TEST_TARGET_NAME = AFGetRequest;
			};
			name = Release;
		};
/* End XCBuildConfiguration section */

/* Begin XCConfigurationList section */
		AE8095C51FFDECC10021D7CB /* Build configuration list for PBXProject "AFGetRequest" */ = {
			isa = XCConfigurationList;
			buildConfigurations = (
				AE8095F01FFDECC20021D7CB /* Debug */,
				AE8095F11FFDECC20021D7CB /* Release */,
			);
			defaultConfigurationIsVisible = 0;
			defaultConfigurationName = Release;
		};
		AE8095F21FFDECC20021D7CB /* Build configuration list for PBXNativeTarget "AFGetRequest" */ = {
			isa = XCConfigurationList;
			buildConfigurations = (
				AE8095F31FFDECC20021D7CB /* Debug */,
				AE8095F41FFDECC20021D7CB /* Release */,
			);
			defaultConfigurationIsVisible = 0;
		};
		AE8095F51FFDECC20021D7CB /* Build configuration list for PBXNativeTarget "AFGetRequestTests" */ = {
			isa = XCConfigurationList;
			buildConfigurations = (
				AE8095F61FFDECC20021D7CB /* Debug */,
				AE8095F71FFDECC20021D7CB /* Release */,
			);
			defaultConfigurationIsVisible = 0;
		};
		AE8095F81FFDECC20021D7CB /* Build configuration list for PBXNativeTarget "AFGetRequestUITests" */ = {
			isa = XCConfigurationList;
			buildConfigurations = (
				AE8095F91FFDECC20021D7CB /* Debug */,
				AE8095FA1FFDECC20021D7CB /* Release */,
			);
			defaultConfigurationIsVisible = 0;
		};
/* End XCConfigurationList section */
	};
	rootObject = AE8095C21FFDECC10021D7CB /* Project object */;
}
